
Microsoft Visual Studio Solution File, Format Version 12.00
# Visual Studio Version 16
VisualStudioVersion = 16.0.31112.23
MinimumVisualStudioVersion = 10.0.40219.1
Project("{FAE04EC0-301F-11D3-BF4B-00C04F79EFBC}") = "SF5.2.8", "SF5.2.8.csproj", "{D57A70EE-3A5C-42A9-8CE6-6E37D3C38486}"
EndProject
Global
	GlobalSection(SolutionConfigurationPlatforms) = preSolution
		Debug|Any CPU = Debug|Any CPU
		Release|Any CPU = Release|Any CPU
	EndGlobalSection
	GlobalSection(ProjectConfigurationPlatforms) = postSolution
		{D57A70EE-3A5C-42A9-8CE6-6E37D3C38486}.Debug|Any CPU.ActiveCfg = Debug|Any CPU
		{D57A70EE-3A5C-42A9-8CE6-6E37D3C38486}.Debug|Any CPU.Build.0 = Debug|Any CPU
		{D57A70EE-3A5C-42A9-8CE6-6E37D3C38486}.Release|Any CPU.ActiveCfg = Release|Any CPU
		{D57A70EE-3A5C-42A9-8CE6-6E37D3C38486}.Release|Any CPU.Build.0 = Release|Any CPU
	EndGlobalSection
	GlobalSection(SolutionProperties) = preSolution
		HideSolutionNode = FALSE
	EndGlobalSection
	GlobalSection(ExtensibilityGlobals) = postSolution
		SolutionGuid = {3CDEB689-5A73-42A4-977A-C811C94F0E29}
	EndGlobalSection
EndGlobal
